
Microsoft Visual Studio Solution File, Format Version 12.00
# Visual Studio 14
VisualStudioVersion = 14.0.23107.0
MinimumVisualStudioVersion = 10.0.40219.1
Project("{D4B43EB3-688B-4EEE-86BD-088F0B28ABB3}") = "UNCPathCheck", "UNCPathCheck\UNCPathCheck.mpproj", "{9B1532FF-EBE8-49F5-9A5B-BF6931454D24}"
EndProject
Global
	GlobalSection(SolutionConfigurationPlatforms) = preSolution
		Debug|x86 = Debug|x86
		Release|x86 = Release|x86
	EndGlobalSection
	GlobalSection(ProjectConfigurationPlatforms) = postSolution
		{9B1532FF-EBE8-49F5-9A5B-BF6931454D24}.Debug|x86.ActiveCfg = Debug|x86
		{9B1532FF-EBE8-49F5-9A5B-BF6931454D24}.Debug|x86.Build.0 = Debug|x86
		{9B1532FF-EBE8-49F5-9A5B-BF6931454D24}.Release|x86.ActiveCfg = Release|x86
		{9B1532FF-EBE8-49F5-9A5B-BF6931454D24}.Release|x86.Build.0 = Release|x86
	EndGlobalSection
	GlobalSection(SolutionProperties) = preSolution
		HideSolutionNode = FALSE
	EndGlobalSection
	GlobalSection(TeamFoundationVersionControl) = preSolution
		SccNumberOfProjects = 2
		SccEnterpriseProvider = {4CA58AB2-18FA-4F8D-95D4-32DDF27D184C}
		SccTeamFoundationServer = https://clt-f5e1a22d-6e97-4056-9081-5a998f8c53ac.visualstudio.com/
		SccLocalPath0 = .
		SccProjectUniqueName1 = UNCPathCheck\\UNCPathCheck.mpproj
		SccProjectName1 = UNCPathCheck
		SccLocalPath1 = UNCPathCheck
	EndGlobalSection
EndGlobal
